
Microsoft Visual Studio Solution File, Format Version 12.00
# Visual Studio Version 17
VisualStudioVersion = 17.7.34024.191
MinimumVisualStudioVersion = 10.0.40219.1
Project("{9A19103F-16F7-4668-BE54-9A1E7A4F7556}") = "Lab 6 OOP Arv", "Lab 6 OOP Arv.csproj", "{62FFE4BE-E4D2-496E-959A-A7A90894814D}"
EndProject
Global
	GlobalSection(SolutionConfigurationPlatforms) = preSolution
		Debug|Any CPU = Debug|Any CPU
		Release|Any CPU = Release|Any CPU
	EndGlobalSection
	GlobalSection(ProjectConfigurationPlatforms) = postSolution
		{62FFE4BE-E4D2-496E-959A-A7A90894814D}.Debug|Any CPU.ActiveCfg = Debug|Any CPU
		{62FFE4BE-E4D2-496E-959A-A7A90894814D}.Debug|Any CPU.Build.0 = Debug|Any CPU
		{62FFE4BE-E4D2-496E-959A-A7A90894814D}.Release|Any CPU.ActiveCfg = Release|Any CPU
		{62FFE4BE-E4D2-496E-959A-A7A90894814D}.Release|Any CPU.Build.0 = Release|Any CPU
	EndGlobalSection
	GlobalSection(SolutionProperties) = preSolution
		HideSolutionNode = FALSE
	EndGlobalSection
	GlobalSection(ExtensibilityGlobals) = postSolution
		SolutionGuid = {ED9B16D8-40FB-4666-B2DF-DD271CDB05A0}
	EndGlobalSection
EndGlobal
